// !$*UTF8*$!
{
	archiveVersion = 1;
	classes = {
	};
	objectVersion = 46;
	objects = {

/* Begin PBXBuildFile section */
		4C67ABDE1B5E8D3500240A18 /* main.m in Sources */ = {isa = PBXBuildFile; fileRef = 4C67ABDD1B5E8D3500240A18 /* main.m */; };
		4C67ABE11B5E8D3500240A18 /* AppDelegate.m in Sources */ = {isa = PBXBuildFile; fileRef = 4C67ABE01B5E8D3500240A18 /* AppDelegate.m */; };
		4C67ABE41B5E8D3500240A18 /* ViewController.m in Sources */ = {isa = PBXBuildFile; fileRef = 4C67ABE31B5E8D3500240A18 /* ViewController.m */; };
		4C67ABE71B5E8D3500240A18 /* Main.storyboard in Resources */ = {isa = PBXBuildFile; fileRef = 4C67ABE51B5E8D3500240A18 /* Main.storyboard */; };
		4C67ABE91B5E8D3500240A18 /* Images.xcassets in Resources */ = {isa = PBXBuildFile; fileRef = 4C67ABE81B5E8D3500240A18 /* Images.xcassets */; };
		4C67ABEC1B5E8D3500240A18 /* LaunchScreen.xib in Resources */ = {isa = PBXBuildFile; fileRef = 4C67ABEA1B5E8D3500240A18 /* LaunchScreen.xib */; };
		4C67ABF81B5E8D3500240A18 /* Git_LLTests.m in Sources */ = {isa = PBXBuildFile; fileRef = 4C67ABF71B5E8D3500240A18 /* Git_LLTests.m */; };
/* End PBXBuildFile section */

/* Begin PBXContainerItemProxy section */
		4C67ABF21B5E8D3500240A18 /* PBXContainerItemProxy */ = {
			isa = PBXContainerItemProxy;
			containerPortal = 4C67ABD01B5E8D3500240A18 /* Project object */;
			proxyType = 1;
			remoteGlobalIDString = 4C67ABD71B5E8D3500240A18;
			remoteInfo = Git_LL;
		};
/* End PBXContainerItemProxy section */

/* Begin PBXFileReference section */
		4C67ABD81B5E8D3500240A18 /* Git_LL.app */ = {isa = PBXFileReference; explicitFileType = wrapper.application; includeInIndex = 0; path = Git_LL.app; sourceTree = BUILT_PRODUCTS_DIR; };
		4C67ABDC1B5E8D3500240A18 /* Info.plist */ = {isa = PBXFileReference; lastKnownFileType = text.plist.xml; path = Info.plist; sourceTree = "<group>"; };
		4C67ABDD1B5E8D3500240A18 /* main.m */ = {isa = PBXFileReference; lastKnownFileType = sourcecode.c.objc; path = main.m; sourceTree = "<group>"; };
		4C67ABDF1B5E8D3500240A18 /* AppDelegate.h */ = {isa = PBXFileReference; lastKnownFileType = sourcecode.c.h; path = AppDelegate.h; sourceTree = "<group>"; };
		4C67ABE01B5E8D3500240A18 /* AppDelegate.m */ = {isa = PBXFileReference; lastKnownFileType = sourcecode.c.objc; path = AppDelegate.m; sourceTree = "<group>"; };
		4C67ABE21B5E8D3500240A18 /* ViewController.h */ = {isa = PBXFileReference; lastKnownFileType = sourcecode.c.h; path = ViewController.h; sourceTree = "<group>"; };
		4C67ABE31B5E8D3500240A18 /* ViewController.m */ = {isa = PBXFileReference; lastKnownFileType = sourcecode.c.objc; path = ViewController.m; sourceTree = "<group>"; };
		4C67ABE61B5E8D3500240A18 /* Base */ = {isa = PBXFileReference; lastKnownFileType = file.storyboard; name = Base; path = Base.lproj/Main.storyboard; sourceTree = "<group>"; };
		4C67ABE81B5E8D3500240A18 /* Images.xcassets */ = {isa = PBXFileReference; lastKnownFileType = folder.assetcatalog; path = Images.xcassets; sourceTree = "<group>"; };
		4C67ABEB1B5E8D3500240A18 /* Base */ = {isa = PBXFileReference; lastKnownFileType = file.xib; name = Base; path = Base.lproj/LaunchScreen.xib; sourceTree = "<group>"; };
		4C67ABF11B5E8D3500240A18 /* Git_LLTests.xctest */ = {isa = PBXFileReference; explicitFileType = wrapper.cfbundle; includeInIndex = 0; path = Git_LLTests.xctest; sourceTree = BUILT_PRODUCTS_DIR; };
		4C67ABF61B5E8D3500240A18 /* Info.plist */ = {isa = PBXFileReference; lastKnownFileType = text.plist.xml; path = Info.plist; sourceTree = "<group>"; };
		4C67ABF71B5E8D3500240A18 /* Git_LLTests.m */ = {isa = PBXFileReference; lastKnownFileType = sourcecode.c.objc; path = Git_LLTests.m; sourceTree = "<group>"; };
/* End PBXFileReference section */

/* Begin PBXFrameworksBuildPhase section */
		4C67ABD51B5E8D3500240A18 /* Frameworks */ = {
			isa = PBXFrameworksBuildPhase;
			buildActionMask = 2147483647;
			files = (
			);
			runOnlyForDeploymentPostprocessing = 0;
		};
		4C67ABEE1B5E8D3500240A18 /* Frameworks */ = {
			isa = PBXFrameworksBuildPhase;
			buildActionMask = 2147483647;
			files = (
			);
			runOnlyForDeploymentPostprocessing = 0;
		};
/* End PBXFrameworksBuildPhase section */

/* Begin PBXGroup section */
		4C67ABCF1B5E8D3500240A18 = {
			isa = PBXGroup;
			children = (
				4C67ABDA1B5E8D3500240A18 /* Git_LL */,
				4C67ABF41B5E8D3500240A18 /* Git_LLTests */,
				4C67ABD91B5E8D3500240A18 /* Products */,
			);
			sourceTree = "<group>";
		};
		4C67ABD91B5E8D3500240A18 /* Products */ = {
			isa = PBXGroup;
			children = (
				4C67ABD81B5E8D3500240A18 /* Git_LL.app */,
				4C67ABF11B5E8D3500240A18 /* Git_LLTests.xctest */,
			);
			name = Products;
			sourceTree = "<group>";
		};
		4C67ABDA1B5E8D3500240A18 /* Git_LL */ = {
			isa = PBXGroup;
			children = (
				4C67ABDF1B5E8D3500240A18 /* AppDelegate.h */,
				4C67ABE01B5E8D3500240A18 /* AppDelegate.m */,
				4C67ABE21B5E8D3500240A18 /* ViewController.h */,
				4C67ABE31B5E8D3500240A18 /* ViewController.m */,
				4C67ABE51B5E8D3500240A18 /* Main.storyboard */,
				4C67ABE81B5E8D3500240A18 /* Images.xcassets */,
				4C67ABEA1B5E8D3500240A18 /* LaunchScreen.xib */,
				4C67ABDB1B5E8D3500240A18 /* Supporting Files */,
			);
			path = Git_LL;
			sourceTree = "<group>";
		};
		4C67ABDB1B5E8D3500240A18 /* Supporting Files */ = {
			isa = PBXGroup;
			children = (
				4C67ABDC1B5E8D3500240A18 /* Info.plist */,
				4C67ABDD1B5E8D3500240A18 /* main.m */,
			);
			name = "Supporting Files";
			sourceTree = "<group>";
		};
		4C67ABF41B5E8D3500240A18 /* Git_LLTests */ = {
			isa = PBXGroup;
			children = (
				4C67ABF71B5E8D3500240A18 /* Git_LLTests.m */,
				4C67ABF51B5E8D3500240A18 /* Supporting Files */,
			);
			path = Git_LLTests;
			sourceTree = "<group>";
		};
		4C67ABF51B5E8D3500240A18 /* Supporting Files */ = {
			isa = PBXGroup;
			children = (
				4C67ABF61B5E8D3500240A18 /* Info.plist */,
			);
			name = "Supporting Files";
			sourceTree = "<group>";
		};
/* End PBXGroup section */

/* Begin PBXNativeTarget section */
		4C67ABD71B5E8D3500240A18 /* Git_LL */ = {
			isa = PBXNativeTarget;
			buildConfigurationList = 4C67ABFB1B5E8D3500240A18 /* Build configuration list for PBXNativeTarget "Git_LL" */;
			buildPhases = (
				4C67ABD41B5E8D3500240A18 /* Sources */,
				4C67ABD51B5E8D3500240A18 /* Frameworks */,
				4C67ABD61B5E8D3500240A18 /* Resources */,
			);
			buildRules = (
			);
			dependencies = (
			);
			name = Git_LL;
			productName = Git_LL;
			productReference = 4C67ABD81B5E8D3500240A18 /* Git_LL.app */;
			productType = "com.apple.product-type.application";
		};
		4C67ABF01B5E8D3500240A18 /* Git_LLTests */ = {
			isa = PBXNativeTarget;
			buildConfigurationList = 4C67ABFE1B5E8D3500240A18 /* Build configuration list for PBXNativeTarget "Git_LLTests" */;
			buildPhases = (
				4C67ABED1B5E8D3500240A18 /* Sources */,
				4C67ABEE1B5E8D3500240A18 /* Frameworks */,
				4C67ABEF1B5E8D3500240A18 /* Resources */,
			);
			buildRules = (
			);
			dependencies = (
				4C67ABF31B5E8D3500240A18 /* PBXTargetDependency */,
			);
			name = Git_LLTests;
			productName = Git_LLTests;
			productReference = 4C67ABF11B5E8D3500240A18 /* Git_LLTests.xctest */;
			productType = "com.apple.product-type.bundle.unit-test";
		};
/* End PBXNativeTarget section */

/* Begin PBXProject section */
		4C67ABD01B5E8D3500240A18 /* Project object */ = {
			isa = PBXProject;
			attributes = {
				LastUpgradeCheck = 0640;
				ORGANIZATIONNAME = "Connected Lab";
				TargetAttributes = {
					4C67ABD71B5E8D3500240A18 = {
						CreatedOnToolsVersion = 6.4;
					};
					4C67ABF01B5E8D3500240A18 = {
						CreatedOnToolsVersion = 6.4;
						TestTargetID = 4C67ABD71B5E8D3500240A18;
					};
				};
			};
			buildConfigurationList = 4C67ABD31B5E8D3500240A18 /* Build configuration list for PBXProject "Git_LL" */;
			compatibilityVersion = "Xcode 3.2";
			developmentRegion = English;
			hasScannedForEncodings = 0;
			knownRegions = (
				en,
				Base,
			);
			mainGroup = 4C67ABCF1B5E8D3500240A18;
			productRefGroup = 4C67ABD91B5E8D3500240A18 /* Products */;
			projectDirPath = "";
			projectRoot = "";
			targets = (
				4C67ABD71B5E8D3500240A18 /* Git_LL */,
				4C67ABF01B5E8D3500240A18 /* Git_LLTests */,
			);
		};
/* End PBXProject section */

/* Begin PBXResourcesBuildPhase section */
		4C67ABD61B5E8D3500240A18 /* Resources */ = {
			isa = PBXResourcesBuildPhase;
			buildActionMask = 2147483647;
			files = (
				4C67ABE71B5E8D3500240A18 /* Main.storyboard in Resources */,
				4C67ABEC1B5E8D3500240A18 /* LaunchScreen.xib in Resources */,
				4C67ABE91B5E8D3500240A18 /* Images.xcassets in Resources */,
			);
			runOnlyForDeploymentPostprocessing = 0;
		};
		4C67ABEF1B5E8D3500240A18 /* Resources */ = {
			isa = PBXResourcesBuildPhase;
			buildActionMask = 2147483647;
			files = (
			);
			runOnlyForDeploymentPostprocessing = 0;
		};
/* End PBXResourcesBuildPhase section */

/* Begin PBXSourcesBuildPhase section */
		4C67ABD41B5E8D3500240A18 /* Sources */ = {
			isa = PBXSourcesBuildPhase;
			buildActionMask = 2147483647;
			files = (
				4C67ABE41B5E8D3500240A18 /* ViewController.m in Sources */,
				4C67ABE11B5E8D3500240A18 /* AppDelegate.m in Sources */,
				4C67ABDE1B5E8D3500240A18 /* main.m in Sources */,
			);
			runOnlyForDeploymentPostprocessing = 0;
		};
		4C67ABED1B5E8D3500240A18 /* Sources */ = {
			isa = PBXSourcesBuildPhase;
			buildActionMask = 2147483647;
			files = (
				4C67ABF81B5E8D3500240A18 /* Git_LLTests.m in Sources */,
			);
			runOnlyForDeploymentPostprocessing = 0;
		};
/* End PBXSourcesBuildPhase section */

/* Begin PBXTargetDependency section */
		4C67ABF31B5E8D3500240A18 /* PBXTargetDependency */ = {
			isa = PBXTargetDependency;
			target = 4C67ABD71B5E8D3500240A18 /* Git_LL */;
			targetProxy = 4C67ABF21B5E8D3500240A18 /* PBXContainerItemProxy */;
		};
/* End PBXTargetDependency section */

/* Begin PBXVariantGroup section */
		4C67ABE51B5E8D3500240A18 /* Main.storyboard */ = {
			isa = PBXVariantGroup;
			children = (
				4C67ABE61B5E8D3500240A18 /* Base */,
			);
			name = Main.storyboard;
			sourceTree = "<group>";
		};
		4C67ABEA1B5E8D3500240A18 /* LaunchScreen.xib */ = {
			isa = PBXVariantGroup;
			children = (
				4C67ABEB1B5E8D3500240A18 /* Base */,
			);
			name = LaunchScreen.xib;
			sourceTree = "<group>";
		};
/* End PBXVariantGroup section */

/* Begin XCBuildConfiguration section */
		4C67ABF91B5E8D3500240A18 /* Debug */ = {
			isa = XCBuildConfiguration;
			buildSettings = {
				ALWAYS_SEARCH_USER_PATHS = NO;
				CLANG_CXX_LANGUAGE_STANDARD = "gnu++0x";
				CLANG_CXX_LIBRARY = "libc++";
				CLANG_ENABLE_MODULES = YES;
				CLANG_ENABLE_OBJC_ARC = YES;
				CLANG_WARN_BOOL_CONVERSION = YES;
				CLANG_WARN_CONSTANT_CONVERSION = YES;
				CLANG_WARN_DIRECT_OBJC_ISA_USAGE = YES_ERROR;
				CLANG_WARN_EMPTY_BODY = YES;
				CLANG_WARN_ENUM_CONVERSION = YES;
				CLANG_WARN_INT_CONVERSION = YES;
				CLANG_WARN_OBJC_ROOT_CLASS = YES_ERROR;
				CLANG_WARN_UNREACHABLE_CODE = YES;
				CLANG_WARN__DUPLICATE_METHOD_MATCH = YES;
				"CODE_SIGN_IDENTITY[sdk=iphoneos*]" = "iPhone Developer";
				COPY_PHASE_STRIP = NO;
				DEBUG_INFORMATION_FORMAT = "dwarf-with-dsym";
				ENABLE_STRICT_OBJC_MSGSEND = YES;
				GCC_C_LANGUAGE_STANDARD = gnu99;
				GCC_DYNAMIC_NO_PIC = NO;
				GCC_NO_COMMON_BLOCKS = YES;
				GCC_OPTIMIZATION_LEVEL = 0;
				GCC_PREPROCESSOR_DEFINITIONS = (
					"DEBUG=1",
					"$(inherited)",
				);
				GCC_SYMBOLS_PRIVATE_EXTERN = NO;
				GCC_WARN_64_TO_32_BIT_CONVERSION = YES;
				GCC_WARN_ABOUT_RETURN_TYPE = YES_ERROR;
				GCC_WARN_UNDECLARED_SELECTOR = YES;
				GCC_WARN_UNINITIALIZED_AUTOS = YES_AGGRESSIVE;
				GCC_WARN_UNUSED_FUNCTION = YES;
				GCC_WARN_UNUSED_VARIABLE = YES;
				IPHONEOS_DEPLOYMENT_TARGET = 8.4;
				MTL_ENABLE_DEBUG_INFO = YES;
				ONLY_ACTIVE_ARCH = YES;
				SDKROOT = iphoneos;
			};
			name = Debug;
		};
		4C67ABFA1B5E8D3500240A18 /* Release */ = {
			isa = XCBuildConfiguration;
			buildSettings = {
				ALWAYS_SEARCH_USER_PATHS = NO;
				CLANG_CXX_LANGUAGE_STANDARD = "gnu++0x";
				CLANG_CXX_LIBRARY = "libc++";
				CLANG_ENABLE_MODULES = YES;
				CLANG_ENABLE_OBJC_ARC = YES;
				CLANG_WARN_BOOL_CONVERSION = YES;
				CLANG_WARN_CONSTANT_CONVERSION = YES;
				CLANG_WARN_DIRECT_OBJC_ISA_USAGE = YES_ERROR;
				CLANG_WARN_EMPTY_BODY = YES;
				CLANG_WARN_ENUM_CONVERSION = YES;
				CLANG_WARN_INT_CONVERSION = YES;
				CLANG_WARN_OBJC_ROOT_CLASS = YES_ERROR;
				CLANG_WARN_UNREACHABLE_CODE = YES;
				CLANG_WARN__DUPLICATE_METHOD_MATCH = YES;
				"CODE_SIGN_IDENTITY[sdk=iphoneos*]" = "iPhone Developer";
				COPY_PHASE_STRIP = NO;
				DEBUG_INFORMATION_FORMAT = "dwarf-with-dsym";
				ENABLE_NS_ASSERTIONS = NO;
				ENABLE_STRICT_OBJC_MSGSEND = YES;
				GCC_C_LANGUAGE_STANDARD = gnu99;
				GCC_NO_COMMON_BLOCKS = YES;
				GCC_WARN_64_TO_32_BIT_CONVERSION = YES;
				GCC_WARN_ABOUT_RETURN_TYPE = YES_ERROR;
				GCC_WARN_UNDECLARED_SELECTOR = YES;
				GCC_WARN_UNINITIALIZED_AUTOS = YES_AGGRESSIVE;
				GCC_WARN_UNUSED_FUNCTION = YES;
				GCC_WARN_UNUSED_VARIABLE = YES;
				IPHONEOS_DEPLOYMENT_TARGET = 8.4;
				MTL_ENABLE_DEBUG_INFO = NO;
				SDKROOT = iphoneos;
				VALIDATE_PRODUCT = YES;
			};
			name = Release;
		};
		4C67ABFC1B5E8D3500240A18 /* Debug */ = {
			isa = XCBuildConfiguration;
			buildSettings = {
				ASSETCATALOG_COMPILER_APPICON_NAME = AppIcon;
				INFOPLIST_FILE = Git_LL/Info.plist;
				LD_RUNPATH_SEARCH_PATHS = "$(inherited) @executable_path/Frameworks";
				PRODUCT_NAME = "$(TARGET_NAME)";
			};
			name = Debug;
		};
		4C67ABFD1B5E8D3500240A18 /* Release */ = {
			isa = XCBuildConfiguration;
			buildSettings = {
				ASSETCATALOG_COMPILER_APPICON_NAME = AppIcon;
				INFOPLIST_FILE = Git_LL/Info.plist;
				LD_RUNPATH_SEARCH_PATHS = "$(inherited) @executable_path/Frameworks";
				PRODUCT_NAME = "$(TARGET_NAME)";
			};
			name = Release;
		};
		4C67ABFF1B5E8D3500240A18 /* Debug */ = {
			isa = XCBuildConfiguration;
			buildSettings = {
				BUNDLE_LOADER = "$(TEST_HOST)";
				FRAMEWORK_SEARCH_PATHS = (
					"$(SDKROOT)/Developer/Library/Frameworks",
					"$(inherited)",
				);
				GCC_PREPROCESSOR_DEFINITIONS = (
					"DEBUG=1",
					"$(inherited)",
				);
				INFOPLIST_FILE = Git_LLTests/Info.plist;
				LD_RUNPATH_SEARCH_PATHS = "$(inherited) @executable_path/Frameworks @loader_path/Frameworks";
				PRODUCT_NAME = "$(TARGET_NAME)";
				TEST_HOST = "$(BUILT_PRODUCTS_DIR)/Git_LL.app/Git_LL";
			};
			name = Debug;
		};
		4C67AC001B5E8D3500240A18 /* Release */ = {
			isa = XCBuildConfiguration;
			buildSettings = {
				BUNDLE_LOADER = "$(TEST_HOST)";
				FRAMEWORK_SEARCH_PATHS = (
					"$(SDKROOT)/Developer/Library/Frameworks",
					"$(inherited)",
				);
				INFOPLIST_FILE = Git_LLTests/Info.plist;
				LD_RUNPATH_SEARCH_PATHS = "$(inherited) @executable_path/Frameworks @loader_path/Frameworks";
				PRODUCT_NAME = "$(TARGET_NAME)";
				TEST_HOST = "$(BUILT_PRODUCTS_DIR)/Git_LL.app/Git_LL";
			};
			name = Release;
		};
/* End XCBuildConfiguration section */

/* Begin XCConfigurationList section */
		4C67ABD31B5E8D3500240A18 /* Build configuration list for PBXProject "Git_LL" */ = {
			isa = XCConfigurationList;
			buildConfigurations = (
				4C67ABF91B5E8D3500240A18 /* Debug */,
				4C67ABFA1B5E8D3500240A18 /* Release */,
			);
			defaultConfigurationIsVisible = 0;
			defaultConfigurationName = Release;
		};
		4C67ABFB1B5E8D3500240A18 /* Build configuration list for PBXNativeTarget "Git_LL" */ = {
			isa = XCConfigurationList;
			buildConfigurations = (
				4C67ABFC1B5E8D3500240A18 /* Debug */,
				4C67ABFD1B5E8D3500240A18 /* Release */,
			);
			defaultConfigurationIsVisible = 0;
		};
		4C67ABFE1B5E8D3500240A18 /* Build configuration list for PBXNativeTarget "Git_LLTests" */ = {
			isa = XCConfigurationList;
			buildConfigurations = (
				4C67ABFF1B5E8D3500240A18 /* Debug */,
				4C67AC001B5E8D3500240A18 /* Release */,
			);
			defaultConfigurationIsVisible = 0;
		};
/* End XCConfigurationList section */
	};
	rootObject = 4C67ABD01B5E8D3500240A18 /* Project object */;
}
